
Microsoft Visual Studio Solution File, Format Version 12.00
# Visual Studio Version 17
VisualStudioVersion = 17.5.33502.453
MinimumVisualStudioVersion = 10.0.40219.1
Project("{FAE04EC0-301F-11D3-BF4B-00C04F79EFBC}") = "MyEShop", "MyEShop\MyEShop.csproj", "{5C0AEEA2-CFEF-409B-B6C5-4A905CB921F9}"
EndProject
Project("{FAE04EC0-301F-11D3-BF4B-00C04F79EFBC}") = "MyUtilities", "MyUtilities\MyUtilities.csproj", "{E2BE90BA-658C-48F3-9000-9BB2C9819BDD}"
EndProject
Project("{FAE04EC0-301F-11D3-BF4B-00C04F79EFBC}") = "DataLayer", "DataLayer\DataLayer.csproj", "{CC8A7A52-CC40-426B-8B22-2857E551081B}"
EndProject
Global
	GlobalSection(SolutionConfigurationPlatforms) = preSolution
		Debug|Any CPU = Debug|Any CPU
		Release|Any CPU = Release|Any CPU
	EndGlobalSection
	GlobalSection(ProjectConfigurationPlatforms) = postSolution
		{5C0AEEA2-CFEF-409B-B6C5-4A905CB921F9}.Debug|Any CPU.ActiveCfg = Debug|Any CPU
		{5C0AEEA2-CFEF-409B-B6C5-4A905CB921F9}.Debug|Any CPU.Build.0 = Debug|Any CPU
		{5C0AEEA2-CFEF-409B-B6C5-4A905CB921F9}.Release|Any CPU.ActiveCfg = Release|Any CPU
		{5C0AEEA2-CFEF-409B-B6C5-4A905CB921F9}.Release|Any CPU.Build.0 = Release|Any CPU
		{E2BE90BA-658C-48F3-9000-9BB2C9819BDD}.Debug|Any CPU.ActiveCfg = Debug|Any CPU
		{E2BE90BA-658C-48F3-9000-9BB2C9819BDD}.Debug|Any CPU.Build.0 = Debug|Any CPU
		{E2BE90BA-658C-48F3-9000-9BB2C9819BDD}.Release|Any CPU.ActiveCfg = Release|Any CPU
		{E2BE90BA-658C-48F3-9000-9BB2C9819BDD}.Release|Any CPU.Build.0 = Release|Any CPU
		{CC8A7A52-CC40-426B-8B22-2857E551081B}.Debug|Any CPU.ActiveCfg = Debug|Any CPU
		{CC8A7A52-CC40-426B-8B22-2857E551081B}.Debug|Any CPU.Build.0 = Debug|Any CPU
		{CC8A7A52-CC40-426B-8B22-2857E551081B}.Release|Any CPU.ActiveCfg = Release|Any CPU
		{CC8A7A52-CC40-426B-8B22-2857E551081B}.Release|Any CPU.Build.0 = Release|Any CPU
	EndGlobalSection
	GlobalSection(SolutionProperties) = preSolution
		HideSolutionNode = FALSE
	EndGlobalSection
	GlobalSection(ExtensibilityGlobals) = postSolution
		SolutionGuid = {F5EC6204-D370-45DD-B99F-61E05C52351F}
	EndGlobalSection
EndGlobal
